{
  "object": {
    "pins": [
      {
        "package": "ReactiveCocoa",
        "repositoryURL": "https://github.com/ReactiveCocoa/ReactiveCocoa.git",
        "state": {
          "branch": null,
          "revision": "376f98e9341bfe4daba01909d51acf47fde456d7",
          "version": "11.2.1"
        }
      },
      {
        "package": "ReactiveSwift",
        "repositoryURL": "https://github.com/ReactiveCocoa/ReactiveSwift.git",
        "state": {
          "branch": null,
          "revision": "4a8e1e4a683e96daf658f68132dae781738bc862",
          "version": "6.6.0"
        }
      },
      {
        "package": "SwiftRichString",
        "repositoryURL": "https://github.com/malcommac/SwiftRichString.git",
        "state": {
          "branch": null,
          "revision": "9bf4b5af6bb4386865636fc504d6c588c2b65040",
          "version": "3.7.2"
        }
      }
    ]
  },
  "version": 1
}
