// !$*UTF8*$!
{
	archiveVersion = 1;
	classes = {
	};
	objectVersion = 50;
	objects = {

/* Begin PBXBuildFile section */
		7370996425EA2FD7005968EF /* SceneDelegate.swift in Sources */ = {isa = PBXBuildFile; fileRef = 7370996325EA2FD7005968EF /* SceneDelegate.swift */; };
		7370996B25EA2FDA005968EF /* Assets.xcassets in Resources */ = {isa = PBXBuildFile; fileRef = 7370996A25EA2FDA005968EF /* Assets.xcassets */; };
		7370996E25EA2FDA005968EF /* LaunchScreen.storyboard in Resources */ = {isa = PBXBuildFile; fileRef = 7370996C25EA2FDA005968EF /* LaunchScreen.storyboard */; };
		7370997B25EA3009005968EF /* AppDelegate.swift in Sources */ = {isa = PBXBuildFile; fileRef = 7370997825EA3009005968EF /* AppDelegate.swift */; };
		7370997C25EA3009005968EF /* ViewController.swift in Sources */ = {isa = PBXBuildFile; fileRef = 7370997925EA3009005968EF /* ViewController.swift */; };
		7370997D25EA3009005968EF /* Main.storyboard in Resources */ = {isa = PBXBuildFile; fileRef = 7370997A25EA3009005968EF /* Main.storyboard */; };
		7370998325EA3012005968EF /* CAView.swift in Sources */ = {isa = PBXBuildFile; fileRef = 7370997F25EA3012005968EF /* CAView.swift */; };
		7370998425EA3012005968EF /* CellularAutomata.swift in Sources */ = {isa = PBXBuildFile; fileRef = 7370998025EA3012005968EF /* CellularAutomata.swift */; };
		7370998525EA3012005968EF /* Launch.storyboard in Resources */ = {isa = PBXBuildFile; fileRef = 7370998125EA3012005968EF /* Launch.storyboard */; };
		7370998625EA3012005968EF /* ConfigViewController.swift in Sources */ = {isa = PBXBuildFile; fileRef = 7370998225EA3012005968EF /* ConfigViewController.swift */; };
/* End PBXBuildFile section */

/* Begin PBXFileReference section */
		7370995E25EA2FD7005968EF /* GOL.app */ = {isa = PBXFileReference; explicitFileType = wrapper.application; includeInIndex = 0; path = GOL.app; sourceTree = BUILT_PRODUCTS_DIR; };
		7370996325EA2FD7005968EF /* SceneDelegate.swift */ = {isa = PBXFileReference; lastKnownFileType = sourcecode.swift; path = SceneDelegate.swift; sourceTree = "<group>"; };
		7370996A25EA2FDA005968EF /* Assets.xcassets */ = {isa = PBXFileReference; lastKnownFileType = folder.assetcatalog; path = Assets.xcassets; sourceTree = "<group>"; };
		7370996D25EA2FDA005968EF /* Base */ = {isa = PBXFileReference; lastKnownFileType = file.storyboard; name = Base; path = Base.lproj/LaunchScreen.storyboard; sourceTree = "<group>"; };
		7370996F25EA2FDA005968EF /* Info.plist */ = {isa = PBXFileReference; lastKnownFileType = text.plist.xml; path = Info.plist; sourceTree = "<group>"; };
		7370997825EA3009005968EF /* AppDelegate.swift */ = {isa = PBXFileReference; fileEncoding = 4; lastKnownFileType = sourcecode.swift; path = AppDelegate.swift; sourceTree = "<group>"; };
		7370997925EA3009005968EF /* ViewController.swift */ = {isa = PBXFileReference; fileEncoding = 4; lastKnownFileType = sourcecode.swift; path = ViewController.swift; sourceTree = "<group>"; };
		7370997A25EA3009005968EF /* Main.storyboard */ = {isa = PBXFileReference; fileEncoding = 4; lastKnownFileType = file.storyboard; path = Main.storyboard; sourceTree = "<group>"; };
		7370997F25EA3012005968EF /* CAView.swift */ = {isa = PBXFileReference; fileEncoding = 4; lastKnownFileType = sourcecode.swift; path = CAView.swift; sourceTree = "<group>"; };
		7370998025EA3012005968EF /* CellularAutomata.swift */ = {isa = PBXFileReference; fileEncoding = 4; lastKnownFileType = sourcecode.swift; path = CellularAutomata.swift; sourceTree = "<group>"; };
		7370998125EA3012005968EF /* Launch.storyboard */ = {isa = PBXFileReference; fileEncoding = 4; lastKnownFileType = file.storyboard; path = Launch.storyboard; sourceTree = "<group>"; };
		7370998225EA3012005968EF /* ConfigViewController.swift */ = {isa = PBXFileReference; fileEncoding = 4; lastKnownFileType = sourcecode.swift; path = ConfigViewController.swift; sourceTree = "<group>"; };
/* End PBXFileReference section */

/* Begin PBXFrameworksBuildPhase section */
		7370995B25EA2FD7005968EF /* Frameworks */ = {
			isa = PBXFrameworksBuildPhase;
			buildActionMask = 2147483647;
			files = (
			);
			runOnlyForDeploymentPostprocessing = 0;
		};
/* End PBXFrameworksBuildPhase section */

/* Begin PBXGroup section */
		7370995525EA2FD7005968EF = {
			isa = PBXGroup;
			children = (
				7370996025EA2FD7005968EF /* GOL */,
				7370995F25EA2FD7005968EF /* Products */,
			);
			sourceTree = "<group>";
		};
		7370995F25EA2FD7005968EF /* Products */ = {
			isa = PBXGroup;
			children = (
				7370995E25EA2FD7005968EF /* GOL.app */,
			);
			name = Products;
			sourceTree = "<group>";
		};
		7370996025EA2FD7005968EF /* GOL */ = {
			isa = PBXGroup;
			children = (
				7370997825EA3009005968EF /* AppDelegate.swift */,
				7370997A25EA3009005968EF /* Main.storyboard */,
				7370997925EA3009005968EF /* ViewController.swift */,
				7370996325EA2FD7005968EF /* SceneDelegate.swift */,
				7370997F25EA3012005968EF /* CAView.swift */,
				7370998025EA3012005968EF /* CellularAutomata.swift */,
				7370998225EA3012005968EF /* ConfigViewController.swift */,
				7370998125EA3012005968EF /* Launch.storyboard */,
				7370996A25EA2FDA005968EF /* Assets.xcassets */,
				7370996C25EA2FDA005968EF /* LaunchScreen.storyboard */,
				7370996F25EA2FDA005968EF /* Info.plist */,
			);
			path = GOL;
			sourceTree = "<group>";
		};
/* End PBXGroup section */

/* Begin PBXNativeTarget section */
		7370995D25EA2FD7005968EF /* GOL */ = {
			isa = PBXNativeTarget;
			buildConfigurationList = 7370997225EA2FDA005968EF /* Build configuration list for PBXNativeTarget "GOL" */;
			buildPhases = (
				7370995A25EA2FD7005968EF /* Sources */,
				7370995B25EA2FD7005968EF /* Frameworks */,
				7370995C25EA2FD7005968EF /* Resources */,
			);
			buildRules = (
			);
			dependencies = (
			);
			name = GOL;
			productName = GOL;
			productReference = 7370995E25EA2FD7005968EF /* GOL.app */;
			productType = "com.apple.product-type.application";
		};
/* End PBXNativeTarget section */

/* Begin PBXProject section */
		7370995625EA2FD7005968EF /* Project object */ = {
			isa = PBXProject;
			attributes = {
				LastSwiftUpdateCheck = 1240;
				LastUpgradeCheck = 1240;
				TargetAttributes = {
					7370995D25EA2FD7005968EF = {
						CreatedOnToolsVersion = 12.4;
					};
				};
			};
			buildConfigurationList = 7370995925EA2FD7005968EF /* Build configuration list for PBXProject "GOL" */;
			compatibilityVersion = "Xcode 9.3";
			developmentRegion = en;
			hasScannedForEncodings = 0;
			knownRegions = (
				en,
				Base,
			);
			mainGroup = 7370995525EA2FD7005968EF;
			productRefGroup = 7370995F25EA2FD7005968EF /* Products */;
			projectDirPath = "";
			projectRoot = "";
			targets = (
				7370995D25EA2FD7005968EF /* GOL */,
			);
		};
/* End PBXProject section */

/* Begin PBXResourcesBuildPhase section */
		7370995C25EA2FD7005968EF /* Resources */ = {
			isa = PBXResourcesBuildPhase;
			buildActionMask = 2147483647;
			files = (
				7370997D25EA3009005968EF /* Main.storyboard in Resources */,
				7370996E25EA2FDA005968EF /* LaunchScreen.storyboard in Resources */,
				7370996B25EA2FDA005968EF /* Assets.xcassets in Resources */,
				7370998525EA3012005968EF /* Launch.storyboard in Resources */,
			);
			runOnlyForDeploymentPostprocessing = 0;
		};
/* End PBXResourcesBuildPhase section */

/* Begin PBXSourcesBuildPhase section */
		7370995A25EA2FD7005968EF /* Sources */ = {
			isa = PBXSourcesBuildPhase;
			buildActionMask = 2147483647;
			files = (
				7370997C25EA3009005968EF /* ViewController.swift in Sources */,
				7370998425EA3012005968EF /* CellularAutomata.swift in Sources */,
				7370998625EA3012005968EF /* ConfigViewController.swift in Sources */,
				7370997B25EA3009005968EF /* AppDelegate.swift in Sources */,
				7370998325EA3012005968EF /* CAView.swift in Sources */,
				7370996425EA2FD7005968EF /* SceneDelegate.swift in Sources */,
			);
			runOnlyForDeploymentPostprocessing = 0;
		};
/* End PBXSourcesBuildPhase section */

/* Begin PBXVariantGroup section */
		7370996C25EA2FDA005968EF /* LaunchScreen.storyboard */ = {
			isa = PBXVariantGroup;
			children = (
				7370996D25EA2FDA005968EF /* Base */,
			);
			name = LaunchScreen.storyboard;
			sourceTree = "<group>";
		};
/* End PBXVariantGroup section */

/* Begin XCBuildConfiguration section */
		7370997025EA2FDA005968EF /* Debug */ = {
			isa = XCBuildConfiguration;
			buildSettings = {
				ALWAYS_SEARCH_USER_PATHS = NO;
				CLANG_ANALYZER_NONNULL = YES;
				CLANG_ANALYZER_NUMBER_OBJECT_CONVERSION = YES_AGGRESSIVE;
				CLANG_CXX_LANGUAGE_STANDARD = "gnu++14";
				CLANG_CXX_LIBRARY = "libc++";
				CLANG_ENABLE_MODULES = YES;
				CLANG_ENABLE_OBJC_ARC = YES;
				CLANG_ENABLE_OBJC_WEAK = YES;
				CLANG_WARN_BLOCK_CAPTURE_AUTORELEASING = YES;
				CLANG_WARN_BOOL_CONVERSION = YES;
				CLANG_WARN_COMMA = YES;
				CLANG_WARN_CONSTANT_CONVERSION = YES;
				CLANG_WARN_DEPRECATED_OBJC_IMPLEMENTATIONS = YES;
				CLANG_WARN_DIRECT_OBJC_ISA_USAGE = YES_ERROR;
				CLANG_WARN_DOCUMENTATION_COMMENTS = YES;
				CLANG_WARN_EMPTY_BODY = YES;
				CLANG_WARN_ENUM_CONVERSION = YES;
				CLANG_WARN_INFINITE_RECURSION = YES;
				CLANG_WARN_INT_CONVERSION = YES;
				CLANG_WARN_NON_LITERAL_NULL_CONVERSION = YES;
				CLANG_WARN_OBJC_IMPLICIT_RETAIN_SELF = YES;
				CLANG_WARN_OBJC_LITERAL_CONVERSION = YES;
				CLANG_WARN_OBJC_ROOT_CLASS = YES_ERROR;
				CLANG_WARN_QUOTED_INCLUDE_IN_FRAMEWORK_HEADER = YES;
				CLANG_WARN_RANGE_LOOP_ANALYSIS = YES;
				CLANG_WARN_STRICT_PROTOTYPES = YES;
				CLANG_WARN_SUSPICIOUS_MOVE = YES;
				CLANG_WARN_UNGUARDED_AVAILABILITY = YES_AGGRESSIVE;
				CLANG_WARN_UNREACHABLE_CODE = YES;
				CLANG_WARN__DUPLICATE_METHOD_MATCH = YES;
				COPY_PHASE_STRIP = NO;
				DEBUG_INFORMATION_FORMAT = dwarf;
				ENABLE_STRICT_OBJC_MSGSEND = YES;
				ENABLE_TESTABILITY = YES;
				GCC_C_LANGUAGE_STANDARD = gnu11;
				GCC_DYNAMIC_NO_PIC = NO;
				GCC_NO_COMMON_BLOCKS = YES;
				GCC_OPTIMIZATION_LEVEL = 0;
				GCC_PREPROCESSOR_DEFINITIONS = (
					"DEBUG=1",
					"$(inherited)",
				);
				GCC_WARN_64_TO_32_BIT_CONVERSION = YES;
				GCC_WARN_ABOUT_RETURN_TYPE = YES_ERROR;
				GCC_WARN_UNDECLARED_SELECTOR = YES;
				GCC_WARN_UNINITIALIZED_AUTOS = YES_AGGRESSIVE;
				GCC_WARN_UNUSED_FUNCTION = YES;
				GCC_WARN_UNUSED_VARIABLE = YES;
				IPHONEOS_DEPLOYMENT_TARGET = 14.4;
				MTL_ENABLE_DEBUG_INFO = INCLUDE_SOURCE;
				MTL_FAST_MATH = YES;
				ONLY_ACTIVE_ARCH = YES;
				SDKROOT = iphoneos;
				SWIFT_ACTIVE_COMPILATION_CONDITIONS = DEBUG;
				SWIFT_OPTIMIZATION_LEVEL = "-Onone";
			};
			name = Debug;
		};
		7370997125EA2FDA005968EF /* Release */ = {
			isa = XCBuildConfiguration;
			buildSettings = {
				ALWAYS_SEARCH_USER_PATHS = NO;
				CLANG_ANALYZER_NONNULL = YES;
				CLANG_ANALYZER_NUMBER_OBJECT_CONVERSION = YES_AGGRESSIVE;
				CLANG_CXX_LANGUAGE_STANDARD = "gnu++14";
				CLANG_CXX_LIBRARY = "libc++";
				CLANG_ENABLE_MODULES = YES;
				CLANG_ENABLE_OBJC_ARC = YES;
				CLANG_ENABLE_OBJC_WEAK = YES;
				CLANG_WARN_BLOCK_CAPTURE_AUTORELEASING = YES;
				CLANG_WARN_BOOL_CONVERSION = YES;
				CLANG_WARN_COMMA = YES;
				CLANG_WARN_CONSTANT_CONVERSION = YES;
				CLANG_WARN_DEPRECATED_OBJC_IMPLEMENTATIONS = YES;
				CLANG_WARN_DIRECT_OBJC_ISA_USAGE = YES_ERROR;
				CLANG_WARN_DOCUMENTATION_COMMENTS = YES;
				CLANG_WARN_EMPTY_BODY = YES;
				CLANG_WARN_ENUM_CONVERSION = YES;
				CLANG_WARN_INFINITE_RECURSION = YES;
				CLANG_WARN_INT_CONVERSION = YES;
				CLANG_WARN_NON_LITERAL_NULL_CONVERSION = YES;
				CLANG_WARN_OBJC_IMPLICIT_RETAIN_SELF = YES;
				CLANG_WARN_OBJC_LITERAL_CONVERSION = YES;
				CLANG_WARN_OBJC_ROOT_CLASS = YES_ERROR;
				CLANG_WARN_QUOTED_INCLUDE_IN_FRAMEWORK_HEADER = YES;
				CLANG_WARN_RANGE_LOOP_ANALYSIS = YES;
				CLANG_WARN_STRICT_PROTOTYPES = YES;
				CLANG_WARN_SUSPICIOUS_MOVE = YES;
				CLANG_WARN_UNGUARDED_AVAILABILITY = YES_AGGRESSIVE;
				CLANG_WARN_UNREACHABLE_CODE = YES;
				CLANG_WARN__DUPLICATE_METHOD_MATCH = YES;
				COPY_PHASE_STRIP = NO;
				DEBUG_INFORMATION_FORMAT = "dwarf-with-dsym";
				ENABLE_NS_ASSERTIONS = NO;
				ENABLE_STRICT_OBJC_MSGSEND = YES;
				GCC_C_LANGUAGE_STANDARD = gnu11;
				GCC_NO_COMMON_BLOCKS = YES;
				GCC_WARN_64_TO_32_BIT_CONVERSION = YES;
				GCC_WARN_ABOUT_RETURN_TYPE = YES_ERROR;
				GCC_WARN_UNDECLARED_SELECTOR = YES;
				GCC_WARN_UNINITIALIZED_AUTOS = YES_AGGRESSIVE;
				GCC_WARN_UNUSED_FUNCTION = YES;
				GCC_WARN_UNUSED_VARIABLE = YES;
				IPHONEOS_DEPLOYMENT_TARGET = 14.4;
				MTL_ENABLE_DEBUG_INFO = NO;
				MTL_FAST_MATH = YES;
				SDKROOT = iphoneos;
				SWIFT_COMPILATION_MODE = wholemodule;
				SWIFT_OPTIMIZATION_LEVEL = "-O";
				VALIDATE_PRODUCT = YES;
			};
			name = Release;
		};
		7370997325EA2FDA005968EF /* Debug */ = {
			isa = XCBuildConfiguration;
			buildSettings = {
				ASSETCATALOG_COMPILER_APPICON_NAME = AppIcon;
				ASSETCATALOG_COMPILER_GLOBAL_ACCENT_COLOR_NAME = AccentColor;
				CODE_SIGN_STYLE = Automatic;
				DEVELOPMENT_TEAM = 7YP67DVLV3;
				INFOPLIST_FILE = GOL/Info.plist;
				LD_RUNPATH_SEARCH_PATHS = (
					"$(inherited)",
					"@executable_path/Frameworks",
				);
				PRODUCT_BUNDLE_IDENTIFIER = com.uvolchyk.GOL;
				PRODUCT_NAME = "$(TARGET_NAME)";
				SWIFT_VERSION = 5.0;
				TARGETED_DEVICE_FAMILY = "1,2";
			};
			name = Debug;
		};
		7370997425EA2FDA005968EF /* Release */ = {
			isa = XCBuildConfiguration;
			buildSettings = {
				ASSETCATALOG_COMPILER_APPICON_NAME = AppIcon;
				ASSETCATALOG_COMPILER_GLOBAL_ACCENT_COLOR_NAME = AccentColor;
				CODE_SIGN_STYLE = Automatic;
				DEVELOPMENT_TEAM = 7YP67DVLV3;
				INFOPLIST_FILE = GOL/Info.plist;
				LD_RUNPATH_SEARCH_PATHS = (
					"$(inherited)",
					"@executable_path/Frameworks",
				);
				PRODUCT_BUNDLE_IDENTIFIER = com.uvolchyk.GOL;
				PRODUCT_NAME = "$(TARGET_NAME)";
				SWIFT_VERSION = 5.0;
				TARGETED_DEVICE_FAMILY = "1,2";
			};
			name = Release;
		};
/* End XCBuildConfiguration section */

/* Begin XCConfigurationList section */
		7370995925EA2FD7005968EF /* Build configuration list for PBXProject "GOL" */ = {
			isa = XCConfigurationList;
			buildConfigurations = (
				7370997025EA2FDA005968EF /* Debug */,
				7370997125EA2FDA005968EF /* Release */,
			);
			defaultConfigurationIsVisible = 0;
			defaultConfigurationName = Release;
		};
		7370997225EA2FDA005968EF /* Build configuration list for PBXNativeTarget "GOL" */ = {
			isa = XCConfigurationList;
			buildConfigurations = (
				7370997325EA2FDA005968EF /* Debug */,
				7370997425EA2FDA005968EF /* Release */,
			);
			defaultConfigurationIsVisible = 0;
			defaultConfigurationName = Release;
		};
/* End XCConfigurationList section */
	};
	rootObject = 7370995625EA2FD7005968EF /* Project object */;
}
